
Microsoft Visual Studio Solution File, Format Version 12.00
# Visual Studio Version 17
VisualStudioVersion = 17.0.31903.59
MinimumVisualStudioVersion = 10.0.40219.1
Project("{9A19103F-16F7-4668-BE54-9A1E7A4F7556}") = "B2B.Host", "B2B\B2B.Host.csproj", "{84E3E36F-159B-418C-A581-D70B1515A8C8}"
EndProject
Project("{2150E333-8FDC-42A3-9474-1A3956D46DE8}") = "4-EndPoints", "4-EndPoints", "{B3307B7E-4441-4C56-B23B-1AF2639E2902}"
EndProject
Project("{2150E333-8FDC-42A3-9474-1A3956D46DE8}") = "3-Infrastructures", "3-Infrastructures", "{23886C8F-6F63-4D3B-91CF-409672E50F20}"
EndProject
Project("{9A19103F-16F7-4668-BE54-9A1E7A4F7556}") = "B2B.Configurations", "B2B.Configurations\B2B.Configurations.csproj", "{B0BA7E2F-4426-4BA5-846C-5F13C8ABA706}"
EndProject
Project("{9A19103F-16F7-4668-BE54-9A1E7A4F7556}") = "B2B.CommandDb", "B2B.CommandDB\B2B.CommandDb.csproj", "{700D54F1-61FC-48E8-B3E5-5B5A82B34557}"
EndProject
Project("{2150E333-8FDC-42A3-9474-1A3956D46DE8}") = "0-Frameworks", "0-Frameworks", "{B7D87776-5A95-436F-AF89-F9462A8D6B71}"
EndProject
Project("{9A19103F-16F7-4668-BE54-9A1E7A4F7556}") = "B2B.Framework.Contracts", "B2B.Framework.Contracts\B2B.Framework.Contracts.csproj", "{D19150DD-0081-4EA8-A559-EED26777DC31}"
EndProject
Project("{2150E333-8FDC-42A3-9474-1A3956D46DE8}") = "2-Applications", "2-Applications", "{DE250D10-49F2-4CFD-B5C3-24F33919DEC9}"
EndProject
Project("{9A19103F-16F7-4668-BE54-9A1E7A4F7556}") = "B2B.Application.Contracts", "B2B.Application.Contracts\B2B.Application.Contracts.csproj", "{CA077F31-216A-491B-AB4A-4D14B5EA41FD}"
EndProject
Project("{9A19103F-16F7-4668-BE54-9A1E7A4F7556}") = "B2B.Application", "B2B.Application\B2B.Application.csproj", "{0A657A2F-0EC2-4FC5-B348-2EF42029C6B8}"
EndProject
Project("{2150E333-8FDC-42A3-9474-1A3956D46DE8}") = "1-Domain", "1-Domain", "{BE852F9A-7940-4B94-844B-2C254D668F79}"
EndProject
Project("{9A19103F-16F7-4668-BE54-9A1E7A4F7556}") = "B2B.Domain", "B2B.Domain\B2B.Domain.csproj", "{9832D999-2C5A-4E15-BA1C-3F8B7778A35C}"
EndProject
Project("{9A19103F-16F7-4668-BE54-9A1E7A4F7556}") = "B2B.Utilities", "B2B.Utilities\B2B.Utilities.csproj", "{542B2191-F7FA-42FD-A785-D0FAF1F89CBD}"
EndProject
Project("{2150E333-8FDC-42A3-9474-1A3956D46DE8}") = "5-Tests", "5-Tests", "{C7CD5359-F4B8-48E4-A008-F27562EC8451}"
EndProject
Project("{9A19103F-16F7-4668-BE54-9A1E7A4F7556}") = "B2B.UnitTests", "B2B.UnitTests\B2B.UnitTests.csproj", "{C1EDDFD0-0996-462C-A94E-DFB7956394E9}"
EndProject
Project("{9A19103F-16F7-4668-BE54-9A1E7A4F7556}") = "B2B.IntegrationTests", "B2B.IntegrationTests\B2B.IntegrationTests.csproj", "{58453C6F-DB4C-4583-9217-1F39A598E5F7}"
EndProject
Project("{FAE04EC0-301F-11D3-BF4B-00C04F79EFBC}") = "B2B.Settings", "B2b.Settings\B2B.Settings.csproj", "{FFCCAF28-182A-4E0A-BCB7-8F345BB36126}"
EndProject
Global
	GlobalSection(SolutionConfigurationPlatforms) = preSolution
		Debug|Any CPU = Debug|Any CPU
		Release|Any CPU = Release|Any CPU
	EndGlobalSection
	GlobalSection(ProjectConfigurationPlatforms) = postSolution
		{84E3E36F-159B-418C-A581-D70B1515A8C8}.Debug|Any CPU.ActiveCfg = Debug|Any CPU
		{84E3E36F-159B-418C-A581-D70B1515A8C8}.Debug|Any CPU.Build.0 = Debug|Any CPU
		{84E3E36F-159B-418C-A581-D70B1515A8C8}.Release|Any CPU.ActiveCfg = Release|Any CPU
		{84E3E36F-159B-418C-A581-D70B1515A8C8}.Release|Any CPU.Build.0 = Release|Any CPU
		{B0BA7E2F-4426-4BA5-846C-5F13C8ABA706}.Debug|Any CPU.ActiveCfg = Debug|Any CPU
		{B0BA7E2F-4426-4BA5-846C-5F13C8ABA706}.Debug|Any CPU.Build.0 = Debug|Any CPU
		{B0BA7E2F-4426-4BA5-846C-5F13C8ABA706}.Release|Any CPU.ActiveCfg = Release|Any CPU
		{B0BA7E2F-4426-4BA5-846C-5F13C8ABA706}.Release|Any CPU.Build.0 = Release|Any CPU
		{700D54F1-61FC-48E8-B3E5-5B5A82B34557}.Debug|Any CPU.ActiveCfg = Debug|Any CPU
		{700D54F1-61FC-48E8-B3E5-5B5A82B34557}.Debug|Any CPU.Build.0 = Debug|Any CPU
		{700D54F1-61FC-48E8-B3E5-5B5A82B34557}.Release|Any CPU.ActiveCfg = Release|Any CPU
		{700D54F1-61FC-48E8-B3E5-5B5A82B34557}.Release|Any CPU.Build.0 = Release|Any CPU
		{D19150DD-0081-4EA8-A559-EED26777DC31}.Debug|Any CPU.ActiveCfg = Debug|Any CPU
		{D19150DD-0081-4EA8-A559-EED26777DC31}.Debug|Any CPU.Build.0 = Debug|Any CPU
		{D19150DD-0081-4EA8-A559-EED26777DC31}.Release|Any CPU.ActiveCfg = Release|Any CPU
		{D19150DD-0081-4EA8-A559-EED26777DC31}.Release|Any CPU.Build.0 = Release|Any CPU
		{CA077F31-216A-491B-AB4A-4D14B5EA41FD}.Debug|Any CPU.ActiveCfg = Debug|Any CPU
		{CA077F31-216A-491B-AB4A-4D14B5EA41FD}.Debug|Any CPU.Build.0 = Debug|Any CPU
		{CA077F31-216A-491B-AB4A-4D14B5EA41FD}.Release|Any CPU.ActiveCfg = Release|Any CPU
		{CA077F31-216A-491B-AB4A-4D14B5EA41FD}.Release|Any CPU.Build.0 = Release|Any CPU
		{0A657A2F-0EC2-4FC5-B348-2EF42029C6B8}.Debug|Any CPU.ActiveCfg = Debug|Any CPU
		{0A657A2F-0EC2-4FC5-B348-2EF42029C6B8}.Debug|Any CPU.Build.0 = Debug|Any CPU
		{0A657A2F-0EC2-4FC5-B348-2EF42029C6B8}.Release|Any CPU.ActiveCfg = Release|Any CPU
		{0A657A2F-0EC2-4FC5-B348-2EF42029C6B8}.Release|Any CPU.Build.0 = Release|Any CPU
		{9832D999-2C5A-4E15-BA1C-3F8B7778A35C}.Debug|Any CPU.ActiveCfg = Debug|Any CPU
		{9832D999-2C5A-4E15-BA1C-3F8B7778A35C}.Debug|Any CPU.Build.0 = Debug|Any CPU
		{9832D999-2C5A-4E15-BA1C-3F8B7778A35C}.Release|Any CPU.ActiveCfg = Release|Any CPU
		{9832D999-2C5A-4E15-BA1C-3F8B7778A35C}.Release|Any CPU.Build.0 = Release|Any CPU
		{542B2191-F7FA-42FD-A785-D0FAF1F89CBD}.Debug|Any CPU.ActiveCfg = Debug|Any CPU
		{542B2191-F7FA-42FD-A785-D0FAF1F89CBD}.Debug|Any CPU.Build.0 = Debug|Any CPU
		{542B2191-F7FA-42FD-A785-D0FAF1F89CBD}.Release|Any CPU.ActiveCfg = Release|Any CPU
		{542B2191-F7FA-42FD-A785-D0FAF1F89CBD}.Release|Any CPU.Build.0 = Release|Any CPU
		{C1EDDFD0-0996-462C-A94E-DFB7956394E9}.Debug|Any CPU.ActiveCfg = Debug|Any CPU
		{C1EDDFD0-0996-462C-A94E-DFB7956394E9}.Debug|Any CPU.Build.0 = Debug|Any CPU
		{C1EDDFD0-0996-462C-A94E-DFB7956394E9}.Release|Any CPU.ActiveCfg = Release|Any CPU
		{C1EDDFD0-0996-462C-A94E-DFB7956394E9}.Release|Any CPU.Build.0 = Release|Any CPU
		{58453C6F-DB4C-4583-9217-1F39A598E5F7}.Debug|Any CPU.ActiveCfg = Debug|Any CPU
		{58453C6F-DB4C-4583-9217-1F39A598E5F7}.Debug|Any CPU.Build.0 = Debug|Any CPU
		{58453C6F-DB4C-4583-9217-1F39A598E5F7}.Release|Any CPU.ActiveCfg = Release|Any CPU
		{58453C6F-DB4C-4583-9217-1F39A598E5F7}.Release|Any CPU.Build.0 = Release|Any CPU
		{FFCCAF28-182A-4E0A-BCB7-8F345BB36126}.Debug|Any CPU.ActiveCfg = Debug|Any CPU
		{FFCCAF28-182A-4E0A-BCB7-8F345BB36126}.Debug|Any CPU.Build.0 = Debug|Any CPU
		{FFCCAF28-182A-4E0A-BCB7-8F345BB36126}.Release|Any CPU.ActiveCfg = Release|Any CPU
		{FFCCAF28-182A-4E0A-BCB7-8F345BB36126}.Release|Any CPU.Build.0 = Release|Any CPU
	EndGlobalSection
	GlobalSection(SolutionProperties) = preSolution
		HideSolutionNode = FALSE
	EndGlobalSection
	GlobalSection(NestedProjects) = preSolution
		{84E3E36F-159B-418C-A581-D70B1515A8C8} = {B3307B7E-4441-4C56-B23B-1AF2639E2902}
		{B0BA7E2F-4426-4BA5-846C-5F13C8ABA706} = {23886C8F-6F63-4D3B-91CF-409672E50F20}
		{700D54F1-61FC-48E8-B3E5-5B5A82B34557} = {23886C8F-6F63-4D3B-91CF-409672E50F20}
		{D19150DD-0081-4EA8-A559-EED26777DC31} = {B7D87776-5A95-436F-AF89-F9462A8D6B71}
		{CA077F31-216A-491B-AB4A-4D14B5EA41FD} = {DE250D10-49F2-4CFD-B5C3-24F33919DEC9}
		{0A657A2F-0EC2-4FC5-B348-2EF42029C6B8} = {DE250D10-49F2-4CFD-B5C3-24F33919DEC9}
		{9832D999-2C5A-4E15-BA1C-3F8B7778A35C} = {BE852F9A-7940-4B94-844B-2C254D668F79}
		{542B2191-F7FA-42FD-A785-D0FAF1F89CBD} = {B7D87776-5A95-436F-AF89-F9462A8D6B71}
		{C1EDDFD0-0996-462C-A94E-DFB7956394E9} = {C7CD5359-F4B8-48E4-A008-F27562EC8451}
		{58453C6F-DB4C-4583-9217-1F39A598E5F7} = {C7CD5359-F4B8-48E4-A008-F27562EC8451}
		{FFCCAF28-182A-4E0A-BCB7-8F345BB36126} = {23886C8F-6F63-4D3B-91CF-409672E50F20}
	EndGlobalSection
	GlobalSection(ExtensibilityGlobals) = postSolution
		SolutionGuid = {D04D8435-1B7C-450E-B9F3-FFB62BDD2CFC}
	EndGlobalSection
EndGlobal
